
Microsoft Visual Studio Solution File, Format Version 12.00
# Visual Studio Version 17
VisualStudioVersion = 17.11.35327.3
MinimumVisualStudioVersion = 10.0.40219.1
Project("{FAE04EC0-301F-11D3-BF4B-00C04F79EFBC}") = "Parallel Web Scraper", "Parallel Web Scraper\Parallel Web Scraper.csproj", "{63A55803-A9A1-4814-ADF6-739C47767381}"
EndProject
Global
	GlobalSection(SolutionConfigurationPlatforms) = preSolution
		Debug|Any CPU = Debug|Any CPU
		Release|Any CPU = Release|Any CPU
	EndGlobalSection
	GlobalSection(ProjectConfigurationPlatforms) = postSolution
		{63A55803-A9A1-4814-ADF6-739C47767381}.Debug|Any CPU.ActiveCfg = Debug|Any CPU
		{63A55803-A9A1-4814-ADF6-739C47767381}.Debug|Any CPU.Build.0 = Debug|Any CPU
		{63A55803-A9A1-4814-ADF6-739C47767381}.Release|Any CPU.ActiveCfg = Release|Any CPU
		{63A55803-A9A1-4814-ADF6-739C47767381}.Release|Any CPU.Build.0 = Release|Any CPU
	EndGlobalSection
	GlobalSection(SolutionProperties) = preSolution
		HideSolutionNode = FALSE
	EndGlobalSection
	GlobalSection(ExtensibilityGlobals) = postSolution
		SolutionGuid = {F83802E2-9646-4871-A63E-65B0C13A45A9}
	EndGlobalSection
EndGlobal
